
Microsoft Visual Studio Solution File, Format Version 12.00
# Visual Studio Version 17
VisualStudioVersion = 17.4.33103.184
MinimumVisualStudioVersion = 10.0.40219.1
Project("{9A19103F-16F7-4668-BE54-9A1E7A4F7556}") = "OdeToFood", "DarrenOdeToFood\OdeToFood.csproj", "{54EEE516-E0D2-4C64-A3E0-0989CC4352B0}"
EndProject
Project("{9A19103F-16F7-4668-BE54-9A1E7A4F7556}") = "OdeToFoodTests", "DarrenOdeToFoodTests\OdeToFoodTests.csproj", "{2147AF8F-F940-4A2D-A84D-3CC409E162F1}"
EndProject
Global
	GlobalSection(SolutionConfigurationPlatforms) = preSolution
		Debug|Any CPU = Debug|Any CPU
		Release|Any CPU = Release|Any CPU
	EndGlobalSection
	GlobalSection(ProjectConfigurationPlatforms) = postSolution
		{54EEE516-E0D2-4C64-A3E0-0989CC4352B0}.Debug|Any CPU.ActiveCfg = Debug|Any CPU
		{54EEE516-E0D2-4C64-A3E0-0989CC4352B0}.Debug|Any CPU.Build.0 = Debug|Any CPU
		{54EEE516-E0D2-4C64-A3E0-0989CC4352B0}.Release|Any CPU.ActiveCfg = Release|Any CPU
		{54EEE516-E0D2-4C64-A3E0-0989CC4352B0}.Release|Any CPU.Build.0 = Release|Any CPU
		{2147AF8F-F940-4A2D-A84D-3CC409E162F1}.Debug|Any CPU.ActiveCfg = Debug|Any CPU
		{2147AF8F-F940-4A2D-A84D-3CC409E162F1}.Debug|Any CPU.Build.0 = Debug|Any CPU
		{2147AF8F-F940-4A2D-A84D-3CC409E162F1}.Release|Any CPU.ActiveCfg = Release|Any CPU
		{2147AF8F-F940-4A2D-A84D-3CC409E162F1}.Release|Any CPU.Build.0 = Release|Any CPU
	EndGlobalSection
	GlobalSection(SolutionProperties) = preSolution
		HideSolutionNode = FALSE
	EndGlobalSection
	GlobalSection(ExtensibilityGlobals) = postSolution
		SolutionGuid = {3F5E0B81-3AA9-4E46-93D9-A175F79A2BFE}
	EndGlobalSection
EndGlobal
